{
    "version": 3,
    "terraform_version": "0.11.5",
    "serial": 18,
    "lineage": "2517303b-d9d3-29a9-c9fe-cc2b1660f9d6",
    "modules": [
        {
            "path": [
                "root"
            ],
            "outputs": {
                "bastion": {
                    "sensitive": false,
                    "type": "string",
                    "value": "ec2-34-245-209-186.eu-west-1.compute.amazonaws.com"
                },
                "openshift master": {
                    "sensitive": false,
                    "type": "string",
                    "value": "master-cd8be904dcf74cc3.elb.eu-west-1.amazonaws.com"
                },
                "openshift subdomain": {
                    "sensitive": false,
                    "type": "string",
                    "value": "infra-7dfb109fbe121c51.elb.eu-west-1.amazonaws.com"
                }
            },
            "resources": {
                "aws_eip.natgw_a": {
                    "type": "aws_eip",
                    "depends_on": [],
                    "primary": {
                        "id": "eipalloc-0fa4b7f2a2d2c5c72",
                        "attributes": {
                            "association_id": "",
                            "domain": "vpc",
                            "id": "eipalloc-0fa4b7f2a2d2c5c72",
                            "instance": "",
                            "network_interface": "",
                            "private_ip": "",
                            "public_dns": "ec2-108-128-86-170.eu-west-1.compute.amazonaws.com",
                            "public_ip": "108.128.86.170",
                            "public_ipv4_pool": "amazon",
                            "tags.%": "0",
                            "vpc": "true"
                        },
                        "meta": {
                            "e2bfb730-ecaa-11e6-8f88-34363bc7c4c0": {
                                "delete": 180000000000,
                                "read": 900000000000,
                                "update": 300000000000
                            }
                        },
                        "tainted": false
                    },
                    "deposed": [],
                    "provider": "provider.aws"
                },
                "aws_instance.bastion": {
                    "type": "aws_instance",
                    "depends_on": [
                        "aws_key_pair.bastion",
                        "aws_security_group.sec_bastion",
                        "aws_subnet.PublicSubnetA",
                        "data.template_file.sysprep-bastion"
                    ],
                    "primary": {
                        "id": "i-0a5366fc02987419f",
                        "attributes": {
                            "ami": "ami-0e12cbde3e77cbb98",
                            "arn": "arn:aws:ec2:eu-west-1:396599589282:instance/i-0a5366fc02987419f",
                            "associate_public_ip_address": "true",
                            "availability_zone": "eu-west-1a",
                            "cpu_core_count": "1",
                            "cpu_threads_per_core": "1",
                            "credit_specification.#": "1",
                            "credit_specification.0.cpu_credits": "standard",
                            "disable_api_termination": "false",
                            "ebs_block_device.#": "0",
                            "ebs_optimized": "false",
                            "ephemeral_block_device.#": "0",
                            "get_password_data": "false",
                            "iam_instance_profile": "",
                            "id": "i-0a5366fc02987419f",
                            "instance_state": "running",
                            "instance_type": "t2.micro",
                            "ipv6_address_count": "0",
                            "ipv6_addresses.#": "0",
                            "key_name": "bastion",
                            "monitoring": "false",
                            "network_interface.#": "0",
                            "password_data": "",
                            "placement_group": "",
                            "primary_network_interface_id": "eni-066cae43f7560063b",
                            "private_dns": "ip-10-0-0-187.eu-west-1.compute.internal",
                            "private_ip": "10.0.0.187",
                            "public_dns": "ec2-34-245-209-186.eu-west-1.compute.amazonaws.com",
                            "public_ip": "34.245.209.186",
                            "root_block_device.#": "1",
                            "root_block_device.0.delete_on_termination": "true",
                            "root_block_device.0.iops": "100",
                            "root_block_device.0.volume_id": "vol-0f1a27e3ed4dfaab7",
                            "root_block_device.0.volume_size": "12",
                            "root_block_device.0.volume_type": "gp2",
                            "security_groups.#": "0",
                            "source_dest_check": "true",
                            "subnet_id": "subnet-04c56da76fa4a9c8d",
                            "tags.%": "1",
                            "tags.Name": "Bastion",
                            "tenancy": "default",
                            "user_data": "4990384fc36f66c263c79569fbc2d68d07446d78",
                            "volume_tags.%": "0",
                            "vpc_security_group_ids.#": "1",
                            "vpc_security_group_ids.3076469938": "sg-03e22068287691b47"
                        },
                        "meta": {
                            "e2bfb730-ecaa-11e6-8f88-34363bc7c4c0": {
                                "create": 600000000000,
                                "delete": 1200000000000,
                                "update": 600000000000
                            },
                            "schema_version": "1"
                        },
                        "tainted": false
                    },
                    "deposed": [],
                    "provider": "provider.aws"
                },
                "aws_instance.infra1": {
                    "type": "aws_instance",
                    "depends_on": [
                        "aws_key_pair.openshift",
                        "aws_security_group.sec_openshift",
                        "aws_subnet.PrivateSubnetA"
                    ],
                    "primary": {
                        "id": "i-09e0151bc37b63d9f",
                        "attributes": {
                            "ami": "ami-0e12cbde3e77cbb98",
                            "arn": "arn:aws:ec2:eu-west-1:396599589282:instance/i-09e0151bc37b63d9f",
                            "associate_public_ip_address": "false",
                            "availability_zone": "eu-west-1a",
                            "cpu_core_count": "2",
                            "cpu_threads_per_core": "1",
                            "credit_specification.#": "1",
                            "credit_specification.0.cpu_credits": "standard",
                            "disable_api_termination": "false",
                            "ebs_block_device.#": "0",
                            "ebs_optimized": "false",
                            "ephemeral_block_device.#": "0",
                            "get_password_data": "false",
                            "iam_instance_profile": "",
                            "id": "i-09e0151bc37b63d9f",
                            "instance_state": "running",
                            "instance_type": "t2.large",
                            "ipv6_address_count": "0",
                            "ipv6_addresses.#": "0",
                            "key_name": "openshift",
                            "monitoring": "false",
                            "network_interface.#": "0",
                            "password_data": "",
                            "placement_group": "",
                            "primary_network_interface_id": "eni-0756def98bff75898",
                            "private_dns": "ip-10-0-1-49.eu-west-1.compute.internal",
                            "private_ip": "10.0.1.49",
                            "public_dns": "",
                            "public_ip": "",
                            "root_block_device.#": "1",
                            "root_block_device.0.delete_on_termination": "true",
                            "root_block_device.0.iops": "100",
                            "root_block_device.0.volume_id": "vol-07c5e12a371a7968d",
                            "root_block_device.0.volume_size": "12",
                            "root_block_device.0.volume_type": "gp2",
                            "security_groups.#": "0",
                            "source_dest_check": "true",
                            "subnet_id": "subnet-088be1c0eda82c019",
                            "tags.%": "1",
                            "tags.Name": "Infra-1",
                            "tenancy": "default",
                            "volume_tags.%": "0",
                            "vpc_security_group_ids.#": "1",
                            "vpc_security_group_ids.3185045297": "sg-0a0ad9266957dde3a"
                        },
                        "meta": {
                            "e2bfb730-ecaa-11e6-8f88-34363bc7c4c0": {
                                "create": 600000000000,
                                "delete": 1200000000000,
                                "update": 600000000000
                            },
                            "schema_version": "1"
                        },
                        "tainted": false
                    },
                    "deposed": [],
                    "provider": "provider.aws"
                },
                "aws_instance.master1": {
                    "type": "aws_instance",
                    "depends_on": [
                        "aws_key_pair.openshift",
                        "aws_security_group.sec_openshift",
                        "aws_subnet.PrivateSubnetA"
                    ],
                    "primary": {
                        "id": "i-06b87264823c4bda8",
                        "attributes": {
                            "ami": "ami-0e12cbde3e77cbb98",
                            "arn": "arn:aws:ec2:eu-west-1:396599589282:instance/i-06b87264823c4bda8",
                            "associate_public_ip_address": "false",
                            "availability_zone": "eu-west-1a",
                            "cpu_core_count": "2",
                            "cpu_threads_per_core": "1",
                            "credit_specification.#": "1",
                            "credit_specification.0.cpu_credits": "standard",
                            "disable_api_termination": "false",
                            "ebs_block_device.#": "0",
                            "ebs_optimized": "false",
                            "ephemeral_block_device.#": "0",
                            "get_password_data": "false",
                            "iam_instance_profile": "",
                            "id": "i-06b87264823c4bda8",
                            "instance_state": "running",
                            "instance_type": "t2.large",
                            "ipv6_address_count": "0",
                            "ipv6_addresses.#": "0",
                            "key_name": "openshift",
                            "monitoring": "false",
                            "network_interface.#": "0",
                            "password_data": "",
                            "placement_group": "",
                            "primary_network_interface_id": "eni-00f975455a13430c4",
                            "private_dns": "ip-10-0-1-77.eu-west-1.compute.internal",
                            "private_ip": "10.0.1.77",
                            "public_dns": "",
                            "public_ip": "",
                            "root_block_device.#": "1",
                            "root_block_device.0.delete_on_termination": "true",
                            "root_block_device.0.iops": "100",
                            "root_block_device.0.volume_id": "vol-0100bbec6834b5ea7",
                            "root_block_device.0.volume_size": "12",
                            "root_block_device.0.volume_type": "gp2",
                            "security_groups.#": "0",
                            "source_dest_check": "true",
                            "subnet_id": "subnet-088be1c0eda82c019",
                            "tags.%": "1",
                            "tags.Name": "Master-1",
                            "tenancy": "default",
                            "volume_tags.%": "0",
                            "vpc_security_group_ids.#": "1",
                            "vpc_security_group_ids.3185045297": "sg-0a0ad9266957dde3a"
                        },
                        "meta": {
                            "e2bfb730-ecaa-11e6-8f88-34363bc7c4c0": {
                                "create": 600000000000,
                                "delete": 1200000000000,
                                "update": 600000000000
                            },
                            "schema_version": "1"
                        },
                        "tainted": false
                    },
                    "deposed": [],
                    "provider": "provider.aws"
                },
                "aws_instance.worker1": {
                    "type": "aws_instance",
                    "depends_on": [
                        "aws_key_pair.openshift",
                        "aws_security_group.sec_openshift",
                        "aws_subnet.PrivateSubnetA"
                    ],
                    "primary": {
                        "id": "i-0a94fbec5cffc0a28",
                        "attributes": {
                            "ami": "ami-0e12cbde3e77cbb98",
                            "arn": "arn:aws:ec2:eu-west-1:396599589282:instance/i-0a94fbec5cffc0a28",
                            "associate_public_ip_address": "false",
                            "availability_zone": "eu-west-1a",
                            "cpu_core_count": "2",
                            "cpu_threads_per_core": "1",
                            "credit_specification.#": "1",
                            "credit_specification.0.cpu_credits": "standard",
                            "disable_api_termination": "false",
                            "ebs_block_device.#": "0",
                            "ebs_optimized": "false",
                            "ephemeral_block_device.#": "0",
                            "get_password_data": "false",
                            "iam_instance_profile": "",
                            "id": "i-0a94fbec5cffc0a28",
                            "instance_state": "running",
                            "instance_type": "t2.large",
                            "ipv6_address_count": "0",
                            "ipv6_addresses.#": "0",
                            "key_name": "openshift",
                            "monitoring": "false",
                            "network_interface.#": "0",
                            "password_data": "",
                            "placement_group": "",
                            "primary_network_interface_id": "eni-0f8efe614c6d2842e",
                            "private_dns": "ip-10-0-1-183.eu-west-1.compute.internal",
                            "private_ip": "10.0.1.183",
                            "public_dns": "",
                            "public_ip": "",
                            "root_block_device.#": "1",
                            "root_block_device.0.delete_on_termination": "true",
                            "root_block_device.0.iops": "100",
                            "root_block_device.0.volume_id": "vol-043620174780d9802",
                            "root_block_device.0.volume_size": "12",
                            "root_block_device.0.volume_type": "gp2",
                            "security_groups.#": "0",
                            "source_dest_check": "true",
                            "subnet_id": "subnet-088be1c0eda82c019",
                            "tags.%": "1",
                            "tags.Name": "Worker-1",
                            "tenancy": "default",
                            "volume_tags.%": "0",
                            "vpc_security_group_ids.#": "1",
                            "vpc_security_group_ids.3185045297": "sg-0a0ad9266957dde3a"
                        },
                        "meta": {
                            "e2bfb730-ecaa-11e6-8f88-34363bc7c4c0": {
                                "create": 600000000000,
                                "delete": 1200000000000,
                                "update": 600000000000
                            },
                            "schema_version": "1"
                        },
                        "tainted": false
                    },
                    "deposed": [],
                    "provider": "provider.aws"
                },
                "aws_internet_gateway.gw": {
                    "type": "aws_internet_gateway",
                    "depends_on": [
                        "aws_vpc.default"
                    ],
                    "primary": {
                        "id": "igw-038f300554ce12829",
                        "attributes": {
                            "id": "igw-038f300554ce12829",
                            "owner_id": "396599589282",
                            "tags.%": "1",
                            "tags.Name": "Internet Gateway",
                            "vpc_id": "vpc-0112551ea21b6e509"
                        },
                        "meta": {},
                        "tainted": false
                    },
                    "deposed": [],
                    "provider": "provider.aws"
                },
                "aws_key_pair.bastion": {
                    "type": "aws_key_pair",
                    "depends_on": [],
                    "primary": {
                        "id": "bastion",
                        "attributes": {
                            "fingerprint": "43:f9:0b:d5:3d:9a:d8:c4:92:67:42:7d:c8:cd:b6:06",
                            "id": "bastion",
                            "key_name": "bastion",
                            "public_key": "ssh-rsa AAAAB3NzaC1yc2EAAAADAQABAAABAQDgf5V2H+qTd2nGl2nmIHqeGyMzc5LmMfADdPKby9EGmaRRckIOL4an000fg5D4QYaiq+r5sbkkkP1FCPqAzYpdO/dCGUO8QQaR13CcfDF/ES99rXi4X4ARI2l8Wc5QGP8zxNFGZBoUt4imp0BirASXEXUm4/suFv7hAwWCVxqMBtyGaDoHIXmwjHSpV7fbUNR2okVYSZq0Wa7ZPaeebKix4oCI0ZaJFEeTJAgYedNhDJWOTYy4DEwd/mTKNeErirAjT5s6HeCH6NeJH8kmxpYHoxL9vkkjebNra3047E6KrKrrczQXEpQ8u2DGYYfxlRBTKoHaSIZBYHL9FLzvmAkD sahid@Sahids-MacBook-Pro.local"
                        },
                        "meta": {
                            "schema_version": "1"
                        },
                        "tainted": false
                    },
                    "deposed": [],
                    "provider": "provider.aws"
                },
                "aws_key_pair.openshift": {
                    "type": "aws_key_pair",
                    "depends_on": [],
                    "primary": {
                        "id": "openshift",
                        "attributes": {
                            "fingerprint": "43:f9:0b:d5:3d:9a:d8:c4:92:67:42:7d:c8:cd:b6:06",
                            "id": "openshift",
                            "key_name": "openshift",
                            "public_key": "ssh-rsa AAAAB3NzaC1yc2EAAAADAQABAAABAQDgf5V2H+qTd2nGl2nmIHqeGyMzc5LmMfADdPKby9EGmaRRckIOL4an000fg5D4QYaiq+r5sbkkkP1FCPqAzYpdO/dCGUO8QQaR13CcfDF/ES99rXi4X4ARI2l8Wc5QGP8zxNFGZBoUt4imp0BirASXEXUm4/suFv7hAwWCVxqMBtyGaDoHIXmwjHSpV7fbUNR2okVYSZq0Wa7ZPaeebKix4oCI0ZaJFEeTJAgYedNhDJWOTYy4DEwd/mTKNeErirAjT5s6HeCH6NeJH8kmxpYHoxL9vkkjebNra3047E6KrKrrczQXEpQ8u2DGYYfxlRBTKoHaSIZBYHL9FLzvmAkD sahid@Sahids-MacBook-Pro.local"
                        },
                        "meta": {
                            "schema_version": "1"
                        },
                        "tainted": false
                    },
                    "deposed": [],
                    "provider": "provider.aws"
                },
                "aws_lb.infra_alb": {
                    "type": "aws_lb",
                    "depends_on": [
                        "aws_subnet.PublicSubnetA"
                    ],
                    "primary": {
                        "id": "arn:aws:elasticloadbalancing:eu-west-1:396599589282:loadbalancer/net/infra/7dfb109fbe121c51",
                        "attributes": {
                            "access_logs.#": "1",
                            "access_logs.0.bucket": "",
                            "access_logs.0.enabled": "false",
                            "access_logs.0.prefix": "",
                            "arn": "arn:aws:elasticloadbalancing:eu-west-1:396599589282:loadbalancer/net/infra/7dfb109fbe121c51",
                            "arn_suffix": "net/infra/7dfb109fbe121c51",
                            "dns_name": "infra-7dfb109fbe121c51.elb.eu-west-1.amazonaws.com",
                            "enable_cross_zone_load_balancing": "true",
                            "enable_deletion_protection": "false",
                            "id": "arn:aws:elasticloadbalancing:eu-west-1:396599589282:loadbalancer/net/infra/7dfb109fbe121c51",
                            "internal": "false",
                            "ip_address_type": "ipv4",
                            "load_balancer_type": "network",
                            "name": "infra",
                            "security_groups.#": "0",
                            "subnet_mapping.#": "1",
                            "subnet_mapping.112182477.allocation_id": "",
                            "subnet_mapping.112182477.subnet_id": "subnet-04c56da76fa4a9c8d",
                            "subnets.#": "1",
                            "subnets.370909774": "subnet-04c56da76fa4a9c8d",
                            "tags.%": "1",
                            "tags.Name": "infra_alb",
                            "vpc_id": "vpc-0112551ea21b6e509",
                            "zone_id": "Z2IFOLAFXWLO4F"
                        },
                        "meta": {
                            "e2bfb730-ecaa-11e6-8f88-34363bc7c4c0": {
                                "create": 600000000000,
                                "delete": 600000000000,
                                "update": 600000000000
                            }
                        },
                        "tainted": false
                    },
                    "deposed": [],
                    "provider": "provider.aws"
                },
                "aws_lb.master_alb": {
                    "type": "aws_lb",
                    "depends_on": [
                        "aws_subnet.PublicSubnetA"
                    ],
                    "primary": {
                        "id": "arn:aws:elasticloadbalancing:eu-west-1:396599589282:loadbalancer/net/master/cd8be904dcf74cc3",
                        "attributes": {
                            "access_logs.#": "1",
                            "access_logs.0.bucket": "",
                            "access_logs.0.enabled": "false",
                            "access_logs.0.prefix": "",
                            "arn": "arn:aws:elasticloadbalancing:eu-west-1:396599589282:loadbalancer/net/master/cd8be904dcf74cc3",
                            "arn_suffix": "net/master/cd8be904dcf74cc3",
                            "dns_name": "master-cd8be904dcf74cc3.elb.eu-west-1.amazonaws.com",
                            "enable_cross_zone_load_balancing": "true",
                            "enable_deletion_protection": "false",
                            "id": "arn:aws:elasticloadbalancing:eu-west-1:396599589282:loadbalancer/net/master/cd8be904dcf74cc3",
                            "internal": "false",
                            "ip_address_type": "ipv4",
                            "load_balancer_type": "network",
                            "name": "master",
                            "security_groups.#": "0",
                            "subnet_mapping.#": "1",
                            "subnet_mapping.112182477.allocation_id": "",
                            "subnet_mapping.112182477.subnet_id": "subnet-04c56da76fa4a9c8d",
                            "subnets.#": "1",
                            "subnets.370909774": "subnet-04c56da76fa4a9c8d",
                            "tags.%": "1",
                            "tags.Name": "master_alb",
                            "vpc_id": "vpc-0112551ea21b6e509",
                            "zone_id": "Z2IFOLAFXWLO4F"
                        },
                        "meta": {
                            "e2bfb730-ecaa-11e6-8f88-34363bc7c4c0": {
                                "create": 600000000000,
                                "delete": 600000000000,
                                "update": 600000000000
                            }
                        },
                        "tainted": false
                    },
                    "deposed": [],
                    "provider": "provider.aws"
                },
                "aws_lb_listener.listener_infra_http_alb": {
                    "type": "aws_lb_listener",
                    "depends_on": [
                        "aws_lb.infra_alb",
                        "aws_lb_target_group.group_infra_http_alb"
                    ],
                    "primary": {
                        "id": "arn:aws:elasticloadbalancing:eu-west-1:396599589282:listener/net/infra/7dfb109fbe121c51/264abea7009447de",
                        "attributes": {
                            "arn": "arn:aws:elasticloadbalancing:eu-west-1:396599589282:listener/net/infra/7dfb109fbe121c51/264abea7009447de",
                            "default_action.#": "1",
                            "default_action.0.authenticate_cognito.#": "0",
                            "default_action.0.authenticate_oidc.#": "0",
                            "default_action.0.fixed_response.#": "0",
                            "default_action.0.order": "1",
                            "default_action.0.redirect.#": "0",
                            "default_action.0.target_group_arn": "arn:aws:elasticloadbalancing:eu-west-1:396599589282:targetgroup/infra-http-alb-target-group/5d0ed952b905f316",
                            "default_action.0.type": "forward",
                            "id": "arn:aws:elasticloadbalancing:eu-west-1:396599589282:listener/net/infra/7dfb109fbe121c51/264abea7009447de",
                            "load_balancer_arn": "arn:aws:elasticloadbalancing:eu-west-1:396599589282:loadbalancer/net/infra/7dfb109fbe121c51",
                            "port": "80",
                            "protocol": "TCP",
                            "ssl_policy": ""
                        },
                        "meta": {
                            "e2bfb730-ecaa-11e6-8f88-34363bc7c4c0": {
                                "read": 600000000000
                            }
                        },
                        "tainted": false
                    },
                    "deposed": [],
                    "provider": "provider.aws"
                },
                "aws_lb_listener.listener_infra_https_alb": {
                    "type": "aws_lb_listener",
                    "depends_on": [
                        "aws_lb.infra_alb",
                        "aws_lb_target_group.group_infra_https_alb"
                    ],
                    "primary": {
                        "id": "arn:aws:elasticloadbalancing:eu-west-1:396599589282:listener/net/infra/7dfb109fbe121c51/a6bf9079e49f255b",
                        "attributes": {
                            "arn": "arn:aws:elasticloadbalancing:eu-west-1:396599589282:listener/net/infra/7dfb109fbe121c51/a6bf9079e49f255b",
                            "default_action.#": "1",
                            "default_action.0.authenticate_cognito.#": "0",
                            "default_action.0.authenticate_oidc.#": "0",
                            "default_action.0.fixed_response.#": "0",
                            "default_action.0.order": "1",
                            "default_action.0.redirect.#": "0",
                            "default_action.0.target_group_arn": "arn:aws:elasticloadbalancing:eu-west-1:396599589282:targetgroup/infra-https-alb-target-group/a6ee7be7d36424f6",
                            "default_action.0.type": "forward",
                            "id": "arn:aws:elasticloadbalancing:eu-west-1:396599589282:listener/net/infra/7dfb109fbe121c51/a6bf9079e49f255b",
                            "load_balancer_arn": "arn:aws:elasticloadbalancing:eu-west-1:396599589282:loadbalancer/net/infra/7dfb109fbe121c51",
                            "port": "443",
                            "protocol": "TCP",
                            "ssl_policy": ""
                        },
                        "meta": {
                            "e2bfb730-ecaa-11e6-8f88-34363bc7c4c0": {
                                "read": 600000000000
                            }
                        },
                        "tainted": false
                    },
                    "deposed": [],
                    "provider": "provider.aws"
                },
                "aws_lb_listener.listener_master_alb": {
                    "type": "aws_lb_listener",
                    "depends_on": [
                        "aws_lb.master_alb",
                        "aws_lb_target_group.group_master_alb"
                    ],
                    "primary": {
                        "id": "arn:aws:elasticloadbalancing:eu-west-1:396599589282:listener/net/master/cd8be904dcf74cc3/0e6b6c00d4dcde40",
                        "attributes": {
                            "arn": "arn:aws:elasticloadbalancing:eu-west-1:396599589282:listener/net/master/cd8be904dcf74cc3/0e6b6c00d4dcde40",
                            "default_action.#": "1",
                            "default_action.0.authenticate_cognito.#": "0",
                            "default_action.0.authenticate_oidc.#": "0",
                            "default_action.0.fixed_response.#": "0",
                            "default_action.0.order": "1",
                            "default_action.0.redirect.#": "0",
                            "default_action.0.target_group_arn": "arn:aws:elasticloadbalancing:eu-west-1:396599589282:targetgroup/master-alb-target-group/9081b0413b2356c0",
                            "default_action.0.type": "forward",
                            "id": "arn:aws:elasticloadbalancing:eu-west-1:396599589282:listener/net/master/cd8be904dcf74cc3/0e6b6c00d4dcde40",
                            "load_balancer_arn": "arn:aws:elasticloadbalancing:eu-west-1:396599589282:loadbalancer/net/master/cd8be904dcf74cc3",
                            "port": "8443",
                            "protocol": "TCP",
                            "ssl_policy": ""
                        },
                        "meta": {
                            "e2bfb730-ecaa-11e6-8f88-34363bc7c4c0": {
                                "read": 600000000000
                            }
                        },
                        "tainted": false
                    },
                    "deposed": [],
                    "provider": "provider.aws"
                },
                "aws_lb_target_group.group_infra_http_alb": {
                    "type": "aws_lb_target_group",
                    "depends_on": [
                        "aws_vpc.default"
                    ],
                    "primary": {
                        "id": "arn:aws:elasticloadbalancing:eu-west-1:396599589282:targetgroup/infra-http-alb-target-group/5d0ed952b905f316",
                        "attributes": {
                            "arn": "arn:aws:elasticloadbalancing:eu-west-1:396599589282:targetgroup/infra-http-alb-target-group/5d0ed952b905f316",
                            "arn_suffix": "targetgroup/infra-http-alb-target-group/5d0ed952b905f316",
                            "deregistration_delay": "300",
                            "health_check.#": "1",
                            "health_check.0.enabled": "true",
                            "health_check.0.healthy_threshold": "3",
                            "health_check.0.interval": "30",
                            "health_check.0.matcher": "",
                            "health_check.0.path": "",
                            "health_check.0.port": "traffic-port",
                            "health_check.0.protocol": "TCP",
                            "health_check.0.timeout": "10",
                            "health_check.0.unhealthy_threshold": "3",
                            "id": "arn:aws:elasticloadbalancing:eu-west-1:396599589282:targetgroup/infra-http-alb-target-group/5d0ed952b905f316",
                            "lambda_multi_value_headers_enabled": "false",
                            "name": "infra-http-alb-target-group",
                            "port": "80",
                            "protocol": "TCP",
                            "proxy_protocol_v2": "false",
                            "slow_start": "0",
                            "stickiness.#": "0",
                            "tags.%": "1",
                            "tags.name": "group_infra_alb",
                            "target_type": "instance",
                            "vpc_id": "vpc-0112551ea21b6e509"
                        },
                        "meta": {},
                        "tainted": false
                    },
                    "deposed": [],
                    "provider": "provider.aws"
                },
                "aws_lb_target_group.group_infra_https_alb": {
                    "type": "aws_lb_target_group",
                    "depends_on": [
                        "aws_vpc.default"
                    ],
                    "primary": {
                        "id": "arn:aws:elasticloadbalancing:eu-west-1:396599589282:targetgroup/infra-https-alb-target-group/a6ee7be7d36424f6",
                        "attributes": {
                            "arn": "arn:aws:elasticloadbalancing:eu-west-1:396599589282:targetgroup/infra-https-alb-target-group/a6ee7be7d36424f6",
                            "arn_suffix": "targetgroup/infra-https-alb-target-group/a6ee7be7d36424f6",
                            "deregistration_delay": "300",
                            "health_check.#": "1",
                            "health_check.0.enabled": "true",
                            "health_check.0.healthy_threshold": "3",
                            "health_check.0.interval": "30",
                            "health_check.0.matcher": "",
                            "health_check.0.path": "",
                            "health_check.0.port": "traffic-port",
                            "health_check.0.protocol": "TCP",
                            "health_check.0.timeout": "10",
                            "health_check.0.unhealthy_threshold": "3",
                            "id": "arn:aws:elasticloadbalancing:eu-west-1:396599589282:targetgroup/infra-https-alb-target-group/a6ee7be7d36424f6",
                            "lambda_multi_value_headers_enabled": "false",
                            "name": "infra-https-alb-target-group",
                            "port": "443",
                            "protocol": "TCP",
                            "proxy_protocol_v2": "false",
                            "slow_start": "0",
                            "stickiness.#": "0",
                            "tags.%": "1",
                            "tags.name": "group_infra_alb",
                            "target_type": "instance",
                            "vpc_id": "vpc-0112551ea21b6e509"
                        },
                        "meta": {},
                        "tainted": false
                    },
                    "deposed": [],
                    "provider": "provider.aws"
                },
                "aws_lb_target_group.group_master_alb": {
                    "type": "aws_lb_target_group",
                    "depends_on": [
                        "aws_vpc.default"
                    ],
                    "primary": {
                        "id": "arn:aws:elasticloadbalancing:eu-west-1:396599589282:targetgroup/master-alb-target-group/9081b0413b2356c0",
                        "attributes": {
                            "arn": "arn:aws:elasticloadbalancing:eu-west-1:396599589282:targetgroup/master-alb-target-group/9081b0413b2356c0",
                            "arn_suffix": "targetgroup/master-alb-target-group/9081b0413b2356c0",
                            "deregistration_delay": "300",
                            "health_check.#": "1",
                            "health_check.0.enabled": "true",
                            "health_check.0.healthy_threshold": "3",
                            "health_check.0.interval": "30",
                            "health_check.0.matcher": "",
                            "health_check.0.path": "",
                            "health_check.0.port": "traffic-port",
                            "health_check.0.protocol": "TCP",
                            "health_check.0.timeout": "10",
                            "health_check.0.unhealthy_threshold": "3",
                            "id": "arn:aws:elasticloadbalancing:eu-west-1:396599589282:targetgroup/master-alb-target-group/9081b0413b2356c0",
                            "lambda_multi_value_headers_enabled": "false",
                            "name": "master-alb-target-group",
                            "port": "8443",
                            "protocol": "TCP",
                            "proxy_protocol_v2": "false",
                            "slow_start": "0",
                            "stickiness.#": "0",
                            "tags.%": "1",
                            "tags.name": "group_master_alb",
                            "target_type": "instance",
                            "vpc_id": "vpc-0112551ea21b6e509"
                        },
                        "meta": {},
                        "tainted": false
                    },
                    "deposed": [],
                    "provider": "provider.aws"
                },
                "aws_lb_target_group_attachment.attachment_infra1_http_alb": {
                    "type": "aws_lb_target_group_attachment",
                    "depends_on": [
                        "aws_instance.infra1",
                        "aws_lb_target_group.group_infra_http_alb"
                    ],
                    "primary": {
                        "id": "arn:aws:elasticloadbalancing:eu-west-1:396599589282:targetgroup/infra-http-alb-target-group/5d0ed952b905f316-20190502082415754600000003",
                        "attributes": {
                            "id": "arn:aws:elasticloadbalancing:eu-west-1:396599589282:targetgroup/infra-http-alb-target-group/5d0ed952b905f316-20190502082415754600000003",
                            "port": "80",
                            "target_group_arn": "arn:aws:elasticloadbalancing:eu-west-1:396599589282:targetgroup/infra-http-alb-target-group/5d0ed952b905f316",
                            "target_id": "i-09e0151bc37b63d9f"
                        },
                        "meta": {},
                        "tainted": false
                    },
                    "deposed": [],
                    "provider": "provider.aws"
                },
                "aws_lb_target_group_attachment.attachment_infra1_https_alb": {
                    "type": "aws_lb_target_group_attachment",
                    "depends_on": [
                        "aws_instance.infra1",
                        "aws_lb_target_group.group_infra_https_alb"
                    ],
                    "primary": {
                        "id": "arn:aws:elasticloadbalancing:eu-west-1:396599589282:targetgroup/infra-https-alb-target-group/a6ee7be7d36424f6-20190502082415710900000002",
                        "attributes": {
                            "id": "arn:aws:elasticloadbalancing:eu-west-1:396599589282:targetgroup/infra-https-alb-target-group/a6ee7be7d36424f6-20190502082415710900000002",
                            "port": "443",
                            "target_group_arn": "arn:aws:elasticloadbalancing:eu-west-1:396599589282:targetgroup/infra-https-alb-target-group/a6ee7be7d36424f6",
                            "target_id": "i-09e0151bc37b63d9f"
                        },
                        "meta": {},
                        "tainted": false
                    },
                    "deposed": [],
                    "provider": "provider.aws"
                },
                "aws_lb_target_group_attachment.attachment_master1_alb": {
                    "type": "aws_lb_target_group_attachment",
                    "depends_on": [
                        "aws_instance.master1",
                        "aws_lb_target_group.group_master_alb"
                    ],
                    "primary": {
                        "id": "arn:aws:elasticloadbalancing:eu-west-1:396599589282:targetgroup/master-alb-target-group/9081b0413b2356c0-20190502082415610500000001",
                        "attributes": {
                            "id": "arn:aws:elasticloadbalancing:eu-west-1:396599589282:targetgroup/master-alb-target-group/9081b0413b2356c0-20190502082415610500000001",
                            "port": "8443",
                            "target_group_arn": "arn:aws:elasticloadbalancing:eu-west-1:396599589282:targetgroup/master-alb-target-group/9081b0413b2356c0",
                            "target_id": "i-06b87264823c4bda8"
                        },
                        "meta": {},
                        "tainted": false
                    },
                    "deposed": [],
                    "provider": "provider.aws"
                },
                "aws_nat_gateway.public_nat_a": {
                    "type": "aws_nat_gateway",
                    "depends_on": [
                        "aws_eip.natgw_a",
                        "aws_internet_gateway.gw",
                        "aws_subnet.PublicSubnetA"
                    ],
                    "primary": {
                        "id": "nat-03c8207297eb7ee02",
                        "attributes": {
                            "allocation_id": "eipalloc-0fa4b7f2a2d2c5c72",
                            "id": "nat-03c8207297eb7ee02",
                            "network_interface_id": "eni-020972c695d2376ee",
                            "private_ip": "10.0.0.83",
                            "public_ip": "108.128.86.170",
                            "subnet_id": "subnet-04c56da76fa4a9c8d",
                            "tags.%": "0"
                        },
                        "meta": {},
                        "tainted": false
                    },
                    "deposed": [],
                    "provider": "provider.aws"
                },
                "aws_network_acl.all": {
                    "type": "aws_network_acl",
                    "depends_on": [
                        "aws_vpc.default"
                    ],
                    "primary": {
                        "id": "acl-036bd273dcfd0a337",
                        "attributes": {
                            "egress.#": "1",
                            "egress.2943206146.action": "allow",
                            "egress.2943206146.cidr_block": "0.0.0.0/0",
                            "egress.2943206146.from_port": "0",
                            "egress.2943206146.icmp_code": "0",
                            "egress.2943206146.icmp_type": "0",
                            "egress.2943206146.ipv6_cidr_block": "",
                            "egress.2943206146.protocol": "-1",
                            "egress.2943206146.rule_no": "2",
                            "egress.2943206146.to_port": "0",
                            "id": "acl-036bd273dcfd0a337",
                            "ingress.#": "1",
                            "ingress.1564094202.action": "allow",
                            "ingress.1564094202.cidr_block": "0.0.0.0/0",
                            "ingress.1564094202.from_port": "0",
                            "ingress.1564094202.icmp_code": "0",
                            "ingress.1564094202.icmp_type": "0",
                            "ingress.1564094202.ipv6_cidr_block": "",
                            "ingress.1564094202.protocol": "-1",
                            "ingress.1564094202.rule_no": "1",
                            "ingress.1564094202.to_port": "0",
                            "owner_id": "396599589282",
                            "subnet_ids.#": "0",
                            "tags.%": "1",
                            "tags.Name": "open acl",
                            "vpc_id": "vpc-0112551ea21b6e509"
                        },
                        "meta": {},
                        "tainted": false
                    },
                    "deposed": [],
                    "provider": "provider.aws"
                },
                "aws_route_table.private_route_a": {
                    "type": "aws_route_table",
                    "depends_on": [
                        "aws_nat_gateway.public_nat_a",
                        "aws_vpc.default"
                    ],
                    "primary": {
                        "id": "rtb-089277ec54f01ff4f",
                        "attributes": {
                            "id": "rtb-089277ec54f01ff4f",
                            "owner_id": "396599589282",
                            "propagating_vgws.#": "0",
                            "route.#": "1",
                            "route.3562412428.cidr_block": "0.0.0.0/0",
                            "route.3562412428.egress_only_gateway_id": "",
                            "route.3562412428.gateway_id": "",
                            "route.3562412428.instance_id": "",
                            "route.3562412428.ipv6_cidr_block": "",
                            "route.3562412428.nat_gateway_id": "nat-03c8207297eb7ee02",
                            "route.3562412428.network_interface_id": "",
                            "route.3562412428.transit_gateway_id": "",
                            "route.3562412428.vpc_peering_connection_id": "",
                            "tags.%": "1",
                            "tags.Name": "Private Route A",
                            "vpc_id": "vpc-0112551ea21b6e509"
                        },
                        "meta": {},
                        "tainted": false
                    },
                    "deposed": [],
                    "provider": "provider.aws"
                },
                "aws_route_table.private_route_b": {
                    "type": "aws_route_table",
                    "depends_on": [
                        "aws_nat_gateway.public_nat_a",
                        "aws_vpc.default"
                    ],
                    "primary": {
                        "id": "rtb-0e3d81572c54d9246",
                        "attributes": {
                            "id": "rtb-0e3d81572c54d9246",
                            "owner_id": "396599589282",
                            "propagating_vgws.#": "0",
                            "route.#": "1",
                            "route.3562412428.cidr_block": "0.0.0.0/0",
                            "route.3562412428.egress_only_gateway_id": "",
                            "route.3562412428.gateway_id": "",
                            "route.3562412428.instance_id": "",
                            "route.3562412428.ipv6_cidr_block": "",
                            "route.3562412428.nat_gateway_id": "nat-03c8207297eb7ee02",
                            "route.3562412428.network_interface_id": "",
                            "route.3562412428.transit_gateway_id": "",
                            "route.3562412428.vpc_peering_connection_id": "",
                            "tags.%": "1",
                            "tags.Name": "Private Route B",
                            "vpc_id": "vpc-0112551ea21b6e509"
                        },
                        "meta": {},
                        "tainted": false
                    },
                    "deposed": [],
                    "provider": "provider.aws"
                },
                "aws_route_table.private_route_c": {
                    "type": "aws_route_table",
                    "depends_on": [
                        "aws_nat_gateway.public_nat_a",
                        "aws_vpc.default"
                    ],
                    "primary": {
                        "id": "rtb-04157efb5ef9830a3",
                        "attributes": {
                            "id": "rtb-04157efb5ef9830a3",
                            "owner_id": "396599589282",
                            "propagating_vgws.#": "0",
                            "route.#": "1",
                            "route.3562412428.cidr_block": "0.0.0.0/0",
                            "route.3562412428.egress_only_gateway_id": "",
                            "route.3562412428.gateway_id": "",
                            "route.3562412428.instance_id": "",
                            "route.3562412428.ipv6_cidr_block": "",
                            "route.3562412428.nat_gateway_id": "nat-03c8207297eb7ee02",
                            "route.3562412428.network_interface_id": "",
                            "route.3562412428.transit_gateway_id": "",
                            "route.3562412428.vpc_peering_connection_id": "",
                            "tags.%": "1",
                            "tags.Name": "Private Route C",
                            "vpc_id": "vpc-0112551ea21b6e509"
                        },
                        "meta": {},
                        "tainted": false
                    },
                    "deposed": [],
                    "provider": "provider.aws"
                },
                "aws_route_table.public_route_a": {
                    "type": "aws_route_table",
                    "depends_on": [
                        "aws_internet_gateway.gw",
                        "aws_vpc.default"
                    ],
                    "primary": {
                        "id": "rtb-0b731aefbb5d45b91",
                        "attributes": {
                            "id": "rtb-0b731aefbb5d45b91",
                            "owner_id": "396599589282",
                            "propagating_vgws.#": "0",
                            "route.#": "1",
                            "route.3145465439.cidr_block": "0.0.0.0/0",
                            "route.3145465439.egress_only_gateway_id": "",
                            "route.3145465439.gateway_id": "igw-038f300554ce12829",
                            "route.3145465439.instance_id": "",
                            "route.3145465439.ipv6_cidr_block": "",
                            "route.3145465439.nat_gateway_id": "",
                            "route.3145465439.network_interface_id": "",
                            "route.3145465439.transit_gateway_id": "",
                            "route.3145465439.vpc_peering_connection_id": "",
                            "tags.%": "1",
                            "tags.Name": "Public Route A",
                            "vpc_id": "vpc-0112551ea21b6e509"
                        },
                        "meta": {},
                        "tainted": false
                    },
                    "deposed": [],
                    "provider": "provider.aws"
                },
                "aws_route_table.public_route_b": {
                    "type": "aws_route_table",
                    "depends_on": [
                        "aws_internet_gateway.gw",
                        "aws_vpc.default"
                    ],
                    "primary": {
                        "id": "rtb-05a70fc25974a0dd0",
                        "attributes": {
                            "id": "rtb-05a70fc25974a0dd0",
                            "owner_id": "396599589282",
                            "propagating_vgws.#": "0",
                            "route.#": "1",
                            "route.3145465439.cidr_block": "0.0.0.0/0",
                            "route.3145465439.egress_only_gateway_id": "",
                            "route.3145465439.gateway_id": "igw-038f300554ce12829",
                            "route.3145465439.instance_id": "",
                            "route.3145465439.ipv6_cidr_block": "",
                            "route.3145465439.nat_gateway_id": "",
                            "route.3145465439.network_interface_id": "",
                            "route.3145465439.transit_gateway_id": "",
                            "route.3145465439.vpc_peering_connection_id": "",
                            "tags.%": "1",
                            "tags.Name": "Public Route B",
                            "vpc_id": "vpc-0112551ea21b6e509"
                        },
                        "meta": {},
                        "tainted": false
                    },
                    "deposed": [],
                    "provider": "provider.aws"
                },
                "aws_route_table.public_route_c": {
                    "type": "aws_route_table",
                    "depends_on": [
                        "aws_internet_gateway.gw",
                        "aws_vpc.default"
                    ],
                    "primary": {
                        "id": "rtb-05afbb07ac1db56c8",
                        "attributes": {
                            "id": "rtb-05afbb07ac1db56c8",
                            "owner_id": "396599589282",
                            "propagating_vgws.#": "0",
                            "route.#": "1",
                            "route.3145465439.cidr_block": "0.0.0.0/0",
                            "route.3145465439.egress_only_gateway_id": "",
                            "route.3145465439.gateway_id": "igw-038f300554ce12829",
                            "route.3145465439.instance_id": "",
                            "route.3145465439.ipv6_cidr_block": "",
                            "route.3145465439.nat_gateway_id": "",
                            "route.3145465439.network_interface_id": "",
                            "route.3145465439.transit_gateway_id": "",
                            "route.3145465439.vpc_peering_connection_id": "",
                            "tags.%": "1",
                            "tags.Name": "Public Route C",
                            "vpc_id": "vpc-0112551ea21b6e509"
                        },
                        "meta": {},
                        "tainted": false
                    },
                    "deposed": [],
                    "provider": "provider.aws"
                },
                "aws_route_table_association.PrivateSubnetA": {
                    "type": "aws_route_table_association",
                    "depends_on": [
                        "aws_route_table.private_route_a",
                        "aws_subnet.PrivateSubnetA"
                    ],
                    "primary": {
                        "id": "rtbassoc-0e2cca2840d4b9908",
                        "attributes": {
                            "id": "rtbassoc-0e2cca2840d4b9908",
                            "route_table_id": "rtb-089277ec54f01ff4f",
                            "subnet_id": "subnet-088be1c0eda82c019"
                        },
                        "meta": {},
                        "tainted": false
                    },
                    "deposed": [],
                    "provider": "provider.aws"
                },
                "aws_route_table_association.PrivateSubnetB": {
                    "type": "aws_route_table_association",
                    "depends_on": [
                        "aws_route_table.private_route_b",
                        "aws_subnet.PrivateSubnetB"
                    ],
                    "primary": {
                        "id": "rtbassoc-0ebe31d355415a2f1",
                        "attributes": {
                            "id": "rtbassoc-0ebe31d355415a2f1",
                            "route_table_id": "rtb-0e3d81572c54d9246",
                            "subnet_id": "subnet-01798133a5c36d4d1"
                        },
                        "meta": {},
                        "tainted": false
                    },
                    "deposed": [],
                    "provider": "provider.aws"
                },
                "aws_route_table_association.PrivateSubnetC": {
                    "type": "aws_route_table_association",
                    "depends_on": [
                        "aws_route_table.private_route_c",
                        "aws_subnet.PrivateSubnetC"
                    ],
                    "primary": {
                        "id": "rtbassoc-063d83d702feeaa45",
                        "attributes": {
                            "id": "rtbassoc-063d83d702feeaa45",
                            "route_table_id": "rtb-04157efb5ef9830a3",
                            "subnet_id": "subnet-00c865756e05ae88e"
                        },
                        "meta": {},
                        "tainted": false
                    },
                    "deposed": [],
                    "provider": "provider.aws"
                },
                "aws_route_table_association.PublicSubnetA": {
                    "type": "aws_route_table_association",
                    "depends_on": [
                        "aws_route_table.public_route_a",
                        "aws_subnet.PublicSubnetA"
                    ],
                    "primary": {
                        "id": "rtbassoc-0f4a04e0c217cf48a",
                        "attributes": {
                            "id": "rtbassoc-0f4a04e0c217cf48a",
                            "route_table_id": "rtb-0b731aefbb5d45b91",
                            "subnet_id": "subnet-04c56da76fa4a9c8d"
                        },
                        "meta": {},
                        "tainted": false
                    },
                    "deposed": [],
                    "provider": "provider.aws"
                },
                "aws_route_table_association.PublicSubnetB": {
                    "type": "aws_route_table_association",
                    "depends_on": [
                        "aws_route_table.public_route_b",
                        "aws_subnet.PublicSubnetB"
                    ],
                    "primary": {
                        "id": "rtbassoc-067e6580a53c1b6b1",
                        "attributes": {
                            "id": "rtbassoc-067e6580a53c1b6b1",
                            "route_table_id": "rtb-05a70fc25974a0dd0",
                            "subnet_id": "subnet-0269065a053a9b195"
                        },
                        "meta": {},
                        "tainted": false
                    },
                    "deposed": [],
                    "provider": "provider.aws"
                },
                "aws_route_table_association.PublicSubnetC": {
                    "type": "aws_route_table_association",
                    "depends_on": [
                        "aws_route_table.public_route_c",
                        "aws_subnet.PublicSubnetC"
                    ],
                    "primary": {
                        "id": "rtbassoc-0d53e45b3ef77db8a",
                        "attributes": {
                            "id": "rtbassoc-0d53e45b3ef77db8a",
                            "route_table_id": "rtb-05afbb07ac1db56c8",
                            "subnet_id": "subnet-0e1e054b25f1dd11d"
                        },
                        "meta": {},
                        "tainted": false
                    },
                    "deposed": [],
                    "provider": "provider.aws"
                },
                "aws_security_group.sec_bastion": {
                    "type": "aws_security_group",
                    "depends_on": [
                        "aws_vpc.default"
                    ],
                    "primary": {
                        "id": "sg-03e22068287691b47",
                        "attributes": {
                            "arn": "arn:aws:ec2:eu-west-1:396599589282:security-group/sg-03e22068287691b47",
                            "description": "Used for bastion instance",
                            "egress.#": "1",
                            "egress.482069346.cidr_blocks.#": "1",
                            "egress.482069346.cidr_blocks.0": "0.0.0.0/0",
                            "egress.482069346.description": "",
                            "egress.482069346.from_port": "0",
                            "egress.482069346.ipv6_cidr_blocks.#": "0",
                            "egress.482069346.prefix_list_ids.#": "0",
                            "egress.482069346.protocol": "-1",
                            "egress.482069346.security_groups.#": "0",
                            "egress.482069346.self": "false",
                            "egress.482069346.to_port": "0",
                            "id": "sg-03e22068287691b47",
                            "ingress.#": "2",
                            "ingress.2214680975.cidr_blocks.#": "1",
                            "ingress.2214680975.cidr_blocks.0": "0.0.0.0/0",
                            "ingress.2214680975.description": "",
                            "ingress.2214680975.from_port": "80",
                            "ingress.2214680975.ipv6_cidr_blocks.#": "0",
                            "ingress.2214680975.prefix_list_ids.#": "0",
                            "ingress.2214680975.protocol": "tcp",
                            "ingress.2214680975.security_groups.#": "0",
                            "ingress.2214680975.self": "false",
                            "ingress.2214680975.to_port": "80",
                            "ingress.2541437006.cidr_blocks.#": "1",
                            "ingress.2541437006.cidr_blocks.0": "0.0.0.0/0",
                            "ingress.2541437006.description": "",
                            "ingress.2541437006.from_port": "22",
                            "ingress.2541437006.ipv6_cidr_blocks.#": "0",
                            "ingress.2541437006.prefix_list_ids.#": "0",
                            "ingress.2541437006.protocol": "tcp",
                            "ingress.2541437006.security_groups.#": "0",
                            "ingress.2541437006.self": "false",
                            "ingress.2541437006.to_port": "22",
                            "name": "sec_bastion",
                            "owner_id": "396599589282",
                            "revoke_rules_on_delete": "false",
                            "tags.%": "0",
                            "vpc_id": "vpc-0112551ea21b6e509"
                        },
                        "meta": {
                            "e2bfb730-ecaa-11e6-8f88-34363bc7c4c0": {
                                "create": 600000000000,
                                "delete": 600000000000
                            },
                            "schema_version": "1"
                        },
                        "tainted": false
                    },
                    "deposed": [],
                    "provider": "provider.aws"
                },
                "aws_security_group.sec_openshift": {
                    "type": "aws_security_group",
                    "depends_on": [
                        "aws_vpc.default"
                    ],
                    "primary": {
                        "id": "sg-0a0ad9266957dde3a",
                        "attributes": {
                            "arn": "arn:aws:ec2:eu-west-1:396599589282:security-group/sg-0a0ad9266957dde3a",
                            "description": "Used for openshift instances",
                            "egress.#": "1",
                            "egress.482069346.cidr_blocks.#": "1",
                            "egress.482069346.cidr_blocks.0": "0.0.0.0/0",
                            "egress.482069346.description": "",
                            "egress.482069346.from_port": "0",
                            "egress.482069346.ipv6_cidr_blocks.#": "0",
                            "egress.482069346.prefix_list_ids.#": "0",
                            "egress.482069346.protocol": "-1",
                            "egress.482069346.security_groups.#": "0",
                            "egress.482069346.self": "false",
                            "egress.482069346.to_port": "0",
                            "id": "sg-0a0ad9266957dde3a",
                            "ingress.#": "1",
                            "ingress.482069346.cidr_blocks.#": "1",
                            "ingress.482069346.cidr_blocks.0": "0.0.0.0/0",
                            "ingress.482069346.description": "",
                            "ingress.482069346.from_port": "0",
                            "ingress.482069346.ipv6_cidr_blocks.#": "0",
                            "ingress.482069346.prefix_list_ids.#": "0",
                            "ingress.482069346.protocol": "-1",
                            "ingress.482069346.security_groups.#": "0",
                            "ingress.482069346.self": "false",
                            "ingress.482069346.to_port": "0",
                            "name": "sec_openshift",
                            "owner_id": "396599589282",
                            "revoke_rules_on_delete": "false",
                            "tags.%": "0",
                            "vpc_id": "vpc-0112551ea21b6e509"
                        },
                        "meta": {
                            "e2bfb730-ecaa-11e6-8f88-34363bc7c4c0": {
                                "create": 600000000000,
                                "delete": 600000000000
                            },
                            "schema_version": "1"
                        },
                        "tainted": false
                    },
                    "deposed": [],
                    "provider": "provider.aws"
                },
                "aws_subnet.PrivateSubnetA": {
                    "type": "aws_subnet",
                    "depends_on": [
                        "aws_vpc.default",
                        "data.aws_availability_zones.available"
                    ],
                    "primary": {
                        "id": "subnet-088be1c0eda82c019",
                        "attributes": {
                            "arn": "arn:aws:ec2:eu-west-1:396599589282:subnet/subnet-088be1c0eda82c019",
                            "assign_ipv6_address_on_creation": "false",
                            "availability_zone": "eu-west-1a",
                            "availability_zone_id": "euw1-az2",
                            "cidr_block": "10.0.1.0/24",
                            "id": "subnet-088be1c0eda82c019",
                            "ipv6_cidr_block": "",
                            "ipv6_cidr_block_association_id": "",
                            "map_public_ip_on_launch": "false",
                            "owner_id": "396599589282",
                            "tags.%": "1",
                            "tags.Name": "Private Subnet A",
                            "vpc_id": "vpc-0112551ea21b6e509"
                        },
                        "meta": {
                            "e2bfb730-ecaa-11e6-8f88-34363bc7c4c0": {
                                "create": 600000000000,
                                "delete": 600000000000
                            },
                            "schema_version": "1"
                        },
                        "tainted": false
                    },
                    "deposed": [],
                    "provider": "provider.aws"
                },
                "aws_subnet.PrivateSubnetB": {
                    "type": "aws_subnet",
                    "depends_on": [
                        "aws_vpc.default",
                        "data.aws_availability_zones.available"
                    ],
                    "primary": {
                        "id": "subnet-01798133a5c36d4d1",
                        "attributes": {
                            "arn": "arn:aws:ec2:eu-west-1:396599589282:subnet/subnet-01798133a5c36d4d1",
                            "assign_ipv6_address_on_creation": "false",
                            "availability_zone": "eu-west-1b",
                            "availability_zone_id": "euw1-az3",
                            "cidr_block": "10.0.5.0/24",
                            "id": "subnet-01798133a5c36d4d1",
                            "ipv6_cidr_block": "",
                            "ipv6_cidr_block_association_id": "",
                            "map_public_ip_on_launch": "false",
                            "owner_id": "396599589282",
                            "tags.%": "1",
                            "tags.Name": "Private Subnet B",
                            "vpc_id": "vpc-0112551ea21b6e509"
                        },
                        "meta": {
                            "e2bfb730-ecaa-11e6-8f88-34363bc7c4c0": {
                                "create": 600000000000,
                                "delete": 600000000000
                            },
                            "schema_version": "1"
                        },
                        "tainted": false
                    },
                    "deposed": [],
                    "provider": "provider.aws"
                },
                "aws_subnet.PrivateSubnetC": {
                    "type": "aws_subnet",
                    "depends_on": [
                        "aws_vpc.default",
                        "data.aws_availability_zones.available"
                    ],
                    "primary": {
                        "id": "subnet-00c865756e05ae88e",
                        "attributes": {
                            "arn": "arn:aws:ec2:eu-west-1:396599589282:subnet/subnet-00c865756e05ae88e",
                            "assign_ipv6_address_on_creation": "false",
                            "availability_zone": "eu-west-1c",
                            "availability_zone_id": "euw1-az1",
                            "cidr_block": "10.0.9.0/24",
                            "id": "subnet-00c865756e05ae88e",
                            "ipv6_cidr_block": "",
                            "ipv6_cidr_block_association_id": "",
                            "map_public_ip_on_launch": "false",
                            "owner_id": "396599589282",
                            "tags.%": "1",
                            "tags.Name": "Private Subnet C",
                            "vpc_id": "vpc-0112551ea21b6e509"
                        },
                        "meta": {
                            "e2bfb730-ecaa-11e6-8f88-34363bc7c4c0": {
                                "create": 600000000000,
                                "delete": 600000000000
                            },
                            "schema_version": "1"
                        },
                        "tainted": false
                    },
                    "deposed": [],
                    "provider": "provider.aws"
                },
                "aws_subnet.PublicSubnetA": {
                    "type": "aws_subnet",
                    "depends_on": [
                        "aws_vpc.default",
                        "data.aws_availability_zones.available"
                    ],
                    "primary": {
                        "id": "subnet-04c56da76fa4a9c8d",
                        "attributes": {
                            "arn": "arn:aws:ec2:eu-west-1:396599589282:subnet/subnet-04c56da76fa4a9c8d",
                            "assign_ipv6_address_on_creation": "false",
                            "availability_zone": "eu-west-1a",
                            "availability_zone_id": "euw1-az2",
                            "cidr_block": "10.0.0.0/24",
                            "id": "subnet-04c56da76fa4a9c8d",
                            "ipv6_cidr_block": "",
                            "ipv6_cidr_block_association_id": "",
                            "map_public_ip_on_launch": "false",
                            "owner_id": "396599589282",
                            "tags.%": "1",
                            "tags.Name": "Public Subnet A",
                            "vpc_id": "vpc-0112551ea21b6e509"
                        },
                        "meta": {
                            "e2bfb730-ecaa-11e6-8f88-34363bc7c4c0": {
                                "create": 600000000000,
                                "delete": 600000000000
                            },
                            "schema_version": "1"
                        },
                        "tainted": false
                    },
                    "deposed": [],
                    "provider": "provider.aws"
                },
                "aws_subnet.PublicSubnetB": {
                    "type": "aws_subnet",
                    "depends_on": [
                        "aws_vpc.default",
                        "data.aws_availability_zones.available"
                    ],
                    "primary": {
                        "id": "subnet-0269065a053a9b195",
                        "attributes": {
                            "arn": "arn:aws:ec2:eu-west-1:396599589282:subnet/subnet-0269065a053a9b195",
                            "assign_ipv6_address_on_creation": "false",
                            "availability_zone": "eu-west-1b",
                            "availability_zone_id": "euw1-az3",
                            "cidr_block": "10.0.4.0/24",
                            "id": "subnet-0269065a053a9b195",
                            "ipv6_cidr_block": "",
                            "ipv6_cidr_block_association_id": "",
                            "map_public_ip_on_launch": "false",
                            "owner_id": "396599589282",
                            "tags.%": "1",
                            "tags.Name": "Public Subnet B",
                            "vpc_id": "vpc-0112551ea21b6e509"
                        },
                        "meta": {
                            "e2bfb730-ecaa-11e6-8f88-34363bc7c4c0": {
                                "create": 600000000000,
                                "delete": 600000000000
                            },
                            "schema_version": "1"
                        },
                        "tainted": false
                    },
                    "deposed": [],
                    "provider": "provider.aws"
                },
                "aws_subnet.PublicSubnetC": {
                    "type": "aws_subnet",
                    "depends_on": [
                        "aws_vpc.default",
                        "data.aws_availability_zones.available"
                    ],
                    "primary": {
                        "id": "subnet-0e1e054b25f1dd11d",
                        "attributes": {
                            "arn": "arn:aws:ec2:eu-west-1:396599589282:subnet/subnet-0e1e054b25f1dd11d",
                            "assign_ipv6_address_on_creation": "false",
                            "availability_zone": "eu-west-1c",
                            "availability_zone_id": "euw1-az1",
                            "cidr_block": "10.0.8.0/24",
                            "id": "subnet-0e1e054b25f1dd11d",
                            "ipv6_cidr_block": "",
                            "ipv6_cidr_block_association_id": "",
                            "map_public_ip_on_launch": "false",
                            "owner_id": "396599589282",
                            "tags.%": "1",
                            "tags.Name": "Public Subnet C",
                            "vpc_id": "vpc-0112551ea21b6e509"
                        },
                        "meta": {
                            "e2bfb730-ecaa-11e6-8f88-34363bc7c4c0": {
                                "create": 600000000000,
                                "delete": 600000000000
                            },
                            "schema_version": "1"
                        },
                        "tainted": false
                    },
                    "deposed": [],
                    "provider": "provider.aws"
                },
                "aws_vpc.default": {
                    "type": "aws_vpc",
                    "depends_on": [],
                    "primary": {
                        "id": "vpc-0112551ea21b6e509",
                        "attributes": {
                            "arn": "arn:aws:ec2:eu-west-1:396599589282:vpc/vpc-0112551ea21b6e509",
                            "assign_generated_ipv6_cidr_block": "false",
                            "cidr_block": "10.0.0.0/20",
                            "default_network_acl_id": "acl-07f5565ad0100e2aa",
                            "default_route_table_id": "rtb-03165d4a213797bd5",
                            "default_security_group_id": "sg-0198f0539e514812d",
                            "dhcp_options_id": "dopt-00357138249714d05",
                            "enable_classiclink": "false",
                            "enable_classiclink_dns_support": "false",
                            "enable_dns_hostnames": "true",
                            "enable_dns_support": "true",
                            "id": "vpc-0112551ea21b6e509",
                            "instance_tenancy": "default",
                            "ipv6_association_id": "",
                            "ipv6_cidr_block": "",
                            "main_route_table_id": "rtb-03165d4a213797bd5",
                            "owner_id": "396599589282",
                            "tags.%": "1",
                            "tags.Name": "VPC"
                        },
                        "meta": {
                            "schema_version": "1"
                        },
                        "tainted": false
                    },
                    "deposed": [],
                    "provider": "provider.aws"
                },
                "data.aws_availability_zones.available": {
                    "type": "aws_availability_zones",
                    "depends_on": [],
                    "primary": {
                        "id": "2019-05-02 08:23:43.789928 +0000 UTC",
                        "attributes": {
                            "id": "2019-05-02 08:23:43.789928 +0000 UTC",
                            "names.#": "3",
                            "names.0": "eu-west-1a",
                            "names.1": "eu-west-1b",
                            "names.2": "eu-west-1c",
                            "zone_ids.#": "3",
                            "zone_ids.0": "euw1-az2",
                            "zone_ids.1": "euw1-az3",
                            "zone_ids.2": "euw1-az1"
                        },
                        "meta": {},
                        "tainted": false
                    },
                    "deposed": [],
                    "provider": "provider.aws"
                },
                "data.template_file.inventory": {
                    "type": "template_file",
                    "depends_on": [
                        "aws_instance.infra1",
                        "aws_instance.master1",
                        "aws_instance.worker1",
                        "aws_lb.infra_alb",
                        "aws_lb.master_alb"
                    ],
                    "primary": {
                        "id": "03f649495ba946ec92693c4645c53c6d719b4c6ca8fe9feae095b5c3705e22a2",
                        "attributes": {
                            "id": "03f649495ba946ec92693c4645c53c6d719b4c6ca8fe9feae095b5c3705e22a2",
                            "rendered": "[OSEv3:children]\nmasters\nnodes\netcd\n\n[OSEv3:vars]\nansible_ssh_user=ec2-user\nansible_become=true\n\nopenshift_metrics_install_metrics=true\nopenshift_logging_install_logging=true\nopenshift_console_install=true\n\nopenshift_deployment_type=origin\nopenshift_install_examples=false\n\nopenshift_release=v3.11\nopenshift_additional_repos=[{'id': 'centos-okd-ci', 'name': 'centos-okd-ci', 'baseurl' :'https://rpms.svc.ci.openshift.org/openshift-origin-v3.11', 'gpgcheck' :'0', 'enabled' :'1'}]\n\nopenshift_check_min_host_memory_gb=8\nopenshift_disable_check=docker_image_availability,docker_storage,disk_availability,memory_availability\n\nopenshift_master_identity_providers=[{'name': 'htpasswd_auth', 'login': 'true', 'challenge': 'true', 'kind': 'HTPasswdPasswordIdentityProvider'}]\nopenshift_master_htpasswd_users={'demo': 'hello'}\n\nopenshift_master_default_subdomain=infra-7dfb109fbe121c51.elb.eu-west-1.amazonaws.com\nopenshift_public_hostname=master-cd8be904dcf74cc3.elb.eu-west-1.amazonaws.com\n\nopenshift_hosted_registry_selector='node-role.kubernetes.io/infra=true'\nopenshift_logging_es_ops_nodeselector={\"node-role.kubernetes.io/infra\":\"true\"}\nopenshift_logging_es_nodeselector={\"node-role.kubernetes.io/infra\":\"true\"}\nopenshift_node_groups=[{'name': 'node-config-master', 'labels': ['node-role.kubernetes.io/master=true']}, {'name': 'node-config-infra', 'labels': ['node-role.kubernetes.io/infra=true']}, {'name': 'node-config-compute', 'labels': ['node-role.kubernetes.io/compute=true']}]\n\n[masters]\nip-10-0-1-77.eu-west-1.compute.internal\n\n[etcd]\nip-10-0-1-77.eu-west-1.compute.internal\n\n[nodes]\nip-10-0-1-77.eu-west-1.compute.internal openshift_hostname='ip-10-0-1-77.eu-west-1.compute.internal' openshift_node_group_name='node-config-master'\nip-10-0-1-49.eu-west-1.compute.internal openshift_hostname='ip-10-0-1-49.eu-west-1.compute.internal' openshift_node_group_name='node-config-infra'\nip-10-0-1-183.eu-west-1.compute.internal openshift_hostname='ip-10-0-1-183.eu-west-1.compute.internal' openshift_node_group_name='node-config-compute'\n",
                            "template": "[OSEv3:children]\nmasters\nnodes\netcd\n\n[OSEv3:vars]\nansible_ssh_user=ec2-user\nansible_become=true\n\nopenshift_metrics_install_metrics=true\nopenshift_logging_install_logging=true\nopenshift_console_install=true\n\nopenshift_deployment_type=origin\nopenshift_install_examples=false\n\nopenshift_release=v3.11\nopenshift_additional_repos=[{'id': 'centos-okd-ci', 'name': 'centos-okd-ci', 'baseurl' :'https://rpms.svc.ci.openshift.org/openshift-origin-v3.11', 'gpgcheck' :'0', 'enabled' :'1'}]\n\nopenshift_check_min_host_memory_gb=8\nopenshift_disable_check=docker_image_availability,docker_storage,disk_availability,memory_availability\n\nopenshift_master_identity_providers=[{'name': 'htpasswd_auth', 'login': 'true', 'challenge': 'true', 'kind': 'HTPasswdPasswordIdentityProvider'}]\nopenshift_master_htpasswd_users={'demo': '${demo_htpasswd}'}\n\nopenshift_master_default_subdomain=${public_subdomain}\nopenshift_public_hostname=${admin_hostname}\n\nopenshift_hosted_registry_selector='node-role.kubernetes.io/infra=true'\nopenshift_logging_es_ops_nodeselector={\"node-role.kubernetes.io/infra\":\"true\"}\nopenshift_logging_es_nodeselector={\"node-role.kubernetes.io/infra\":\"true\"}\nopenshift_node_groups=[{'name': 'node-config-master', 'labels': ['node-role.kubernetes.io/master=true']}, {'name': 'node-config-infra', 'labels': ['node-role.kubernetes.io/infra=true']}, {'name': 'node-config-compute', 'labels': ['node-role.kubernetes.io/compute=true']}]\n\n[masters]\n${master1_hostname}\n\n[etcd]\n${master1_hostname}\n\n[nodes]\n${master1_hostname} openshift_hostname='${master1_hostname}' openshift_node_group_name='node-config-master'\n${infra1_hostname} openshift_hostname='${infra1_hostname}' openshift_node_group_name='node-config-infra'\n${worker1_hostname} openshift_hostname='${worker1_hostname}' openshift_node_group_name='node-config-compute'\n",
                            "vars.%": "6",
                            "vars.admin_hostname": "master-cd8be904dcf74cc3.elb.eu-west-1.amazonaws.com",
                            "vars.demo_htpasswd": "hello",
                            "vars.infra1_hostname": "ip-10-0-1-49.eu-west-1.compute.internal",
                            "vars.master1_hostname": "ip-10-0-1-77.eu-west-1.compute.internal",
                            "vars.public_subdomain": "infra-7dfb109fbe121c51.elb.eu-west-1.amazonaws.com",
                            "vars.worker1_hostname": "ip-10-0-1-183.eu-west-1.compute.internal"
                        },
                        "meta": {},
                        "tainted": false
                    },
                    "deposed": [],
                    "provider": "provider.template"
                },
                "data.template_file.sysprep-bastion": {
                    "type": "template_file",
                    "depends_on": [],
                    "primary": {
                        "id": "35de4c9a51e8b22efdddec7ef940f366f2bea53781d194faa5f8223aca2e5043",
                        "attributes": {
                            "id": "35de4c9a51e8b22efdddec7ef940f366f2bea53781d194faa5f8223aca2e5043",
                            "rendered": "#!/usr/bin/env bash\nsudo yum update -y\nsudo yum install -y https://dl.fedoraproject.org/pub/epel/epel-release-latest-7.noarch.rpm\nsudo yum install -y \"@Development Tools\" python2-pip openssl-devel python-devel gcc libffi-devel\nsudo yum install -y pyOpenSSL python-cryptography python-lxml httpd-tools java-1.8.0-openjdk-headless\ngit clone https://github.com/berndonline/openshift-ansible\nsudo pip install --upgrade pip\nsudo pip install 'ansible==2.6.5' passlib jmespath\n",
                            "template": "#!/usr/bin/env bash\nsudo yum update -y\nsudo yum install -y https://dl.fedoraproject.org/pub/epel/epel-release-latest-7.noarch.rpm\nsudo yum install -y \"@Development Tools\" python2-pip openssl-devel python-devel gcc libffi-devel\nsudo yum install -y pyOpenSSL python-cryptography python-lxml httpd-tools java-1.8.0-openjdk-headless\ngit clone https://github.com/berndonline/openshift-ansible\nsudo pip install --upgrade pip\nsudo pip install 'ansible==2.6.5' passlib jmespath\n"
                        },
                        "meta": {},
                        "tainted": false
                    },
                    "deposed": [],
                    "provider": "provider.template"
                },
                "local_file.inventory": {
                    "type": "local_file",
                    "depends_on": [
                        "data.template_file.inventory"
                    ],
                    "primary": {
                        "id": "c9fa98d5d51bc63f479f29de1f656f541d05cacb",
                        "attributes": {
                            "content": "[OSEv3:children]\nmasters\nnodes\netcd\n\n[OSEv3:vars]\nansible_ssh_user=ec2-user\nansible_become=true\n\nopenshift_metrics_install_metrics=true\nopenshift_logging_install_logging=true\nopenshift_console_install=true\n\nopenshift_deployment_type=origin\nopenshift_install_examples=false\n\nopenshift_release=v3.11\nopenshift_additional_repos=[{'id': 'centos-okd-ci', 'name': 'centos-okd-ci', 'baseurl' :'https://rpms.svc.ci.openshift.org/openshift-origin-v3.11', 'gpgcheck' :'0', 'enabled' :'1'}]\n\nopenshift_check_min_host_memory_gb=8\nopenshift_disable_check=docker_image_availability,docker_storage,disk_availability,memory_availability\n\nopenshift_master_identity_providers=[{'name': 'htpasswd_auth', 'login': 'true', 'challenge': 'true', 'kind': 'HTPasswdPasswordIdentityProvider'}]\nopenshift_master_htpasswd_users={'demo': 'hello'}\n\nopenshift_master_default_subdomain=infra-7dfb109fbe121c51.elb.eu-west-1.amazonaws.com\nopenshift_public_hostname=master-cd8be904dcf74cc3.elb.eu-west-1.amazonaws.com\n\nopenshift_hosted_registry_selector='node-role.kubernetes.io/infra=true'\nopenshift_logging_es_ops_nodeselector={\"node-role.kubernetes.io/infra\":\"true\"}\nopenshift_logging_es_nodeselector={\"node-role.kubernetes.io/infra\":\"true\"}\nopenshift_node_groups=[{'name': 'node-config-master', 'labels': ['node-role.kubernetes.io/master=true']}, {'name': 'node-config-infra', 'labels': ['node-role.kubernetes.io/infra=true']}, {'name': 'node-config-compute', 'labels': ['node-role.kubernetes.io/compute=true']}]\n\n[masters]\nip-10-0-1-77.eu-west-1.compute.internal\n\n[etcd]\nip-10-0-1-77.eu-west-1.compute.internal\n\n[nodes]\nip-10-0-1-77.eu-west-1.compute.internal openshift_hostname='ip-10-0-1-77.eu-west-1.compute.internal' openshift_node_group_name='node-config-master'\nip-10-0-1-49.eu-west-1.compute.internal openshift_hostname='ip-10-0-1-49.eu-west-1.compute.internal' openshift_node_group_name='node-config-infra'\nip-10-0-1-183.eu-west-1.compute.internal openshift_hostname='ip-10-0-1-183.eu-west-1.compute.internal' openshift_node_group_name='node-config-compute'\n",
                            "filename": "/Users/sahid/Labs/openshift-terraform/inventory/ansible-hosts",
                            "id": "c9fa98d5d51bc63f479f29de1f656f541d05cacb"
                        },
                        "meta": {},
                        "tainted": false
                    },
                    "deposed": [],
                    "provider": "provider.local"
                }
            },
            "depends_on": []
        }
    ]
}
